# This file is generated by running "yarn install" inside your project.
# Manual changes might be lost - proceed with caution!

__metadata:
  version: 8
  cacheKey: 10c0

"@keycloak/keycloak-account-ui@workspace:packages/account-ui":
  version: 0.0.0-use.local
  resolution: "@keycloak/keycloak-account-ui@workspace:packages/account-ui"
  dependencies:
    "@keycloak/keycloak-admin-ui": "workspace:^"
    "@keycloak/keycloak-ui-shared": "workspace:^"
    keycloak: "workspace:^"
  languageName: unknown
  linkType: soft

"@keycloak/keycloak-admin-client@workspace:^, @keycloak/keycloak-admin-client@workspace:packages/keycloak-admin-client":
  version: 0.0.0-use.local
  resolution: "@keycloak/keycloak-admin-client@workspace:packages/keycloak-admin-client"
  languageName: unknown
  linkType: soft

"@keycloak/keycloak-admin-ui@workspace:^, @keycloak/keycloak-admin-ui@workspace:packages/admin-ui":
  version: 0.0.0-use.local
  resolution: "@keycloak/keycloak-admin-ui@workspace:packages/admin-ui"
  dependencies:
    "@keycloak/keycloak-admin-client": "workspace:^"
    "@keycloak/keycloak-ui-shared": "workspace:^"
  languageName: unknown
  linkType: soft

"@keycloak/keycloak-ui-shared@workspace:^, @keycloak/keycloak-ui-shared@workspace:packages/keycloak-ui-shared":
  version: 0.0.0-use.local
  resolution: "@keycloak/keycloak-ui-shared@workspace:packages/keycloak-ui-shared"
  dependencies:
    "@keycloak/keycloak-admin-client": "workspace:^"
  languageName: unknown
  linkType: soft

"create-keycloak-theme@workspace:packages/create-keycloak-theme":
  version: 0.0.0-use.local
  resolution: "create-keycloak-theme@workspace:packages/create-keycloak-theme"
  languageName: unknown
  linkType: soft

"keycloak-server@workspace:packages/keycloak-server":
  version: 0.0.0-use.local
  resolution: "keycloak-server@workspace:packages/keycloak-server"
  languageName: unknown
  linkType: soft

"keycloak@workspace:^, keycloak@workspace:packages/keycloak":
  version: 0.0.0-use.local
  resolution: "keycloak@workspace:packages/keycloak"
  languageName: unknown
  linkType: soft

"root@workspace:.":
  version: 0.0.0-use.local
  resolution: "root@workspace:."
  dependencies:
    tslib: "npm:^2.8.1"
    typescript: "npm:^5.8.3"
  languageName: unknown
  linkType: soft

"themes-vendor@workspace:packages/themes-vendor":
  version: 0.0.0-use.local
  resolution: "themes-vendor@workspace:packages/themes-vendor"
  languageName: unknown
  linkType: soft

"tslib@npm:^2.8.1":
  version: 2.8.1
  resolution: "tslib@npm:2.8.1"
  checksum: 10c0/9c4759110a19c53f992d9aae23aac5ced636e99887b51b9e61def52611732872ff7668757d4e4c61f19691e36f4da981cd9485e869b4a7408d689f6bf1f14e62
  languageName: node
  linkType: hard

"typescript@npm:^5.8.3":
  version: 5.8.3
  resolution: "typescript@npm:5.8.3"
  bin:
    tsc: bin/tsc
    tsserver: bin/tsserver
  checksum: 10c0/5f8bb01196e542e64d44db3d16ee0e4063ce4f3e3966df6005f2588e86d91c03e1fb131c2581baf0fb65ee79669eea6e161cd448178986587e9f6844446dbb48
  languageName: node
  linkType: hard

"typescript@patch:typescript@npm%3A^5.8.3#optional!builtin<compat/typescript>":
  version: 5.8.3
  resolution: "typescript@patch:typescript@npm%3A5.8.3#optional!builtin<compat/typescript>::version=5.8.3&hash=5786d5"
  bin:
    tsc: bin/tsc
    tsserver: bin/tsserver
  checksum: 10c0/39117e346ff8ebd87ae1510b3a77d5d92dae5a89bde588c747d25da5c146603a99c8ee588c7ef80faaf123d89ed46f6dbd918d534d641083177d5fac38b8a1cb
  languageName: node
  linkType: hard
